
Microsoft Visual Studio Solution File, Format Version 12.00
# Visual Studio Version 16
VisualStudioVersion = 16.0.31313.79
MinimumVisualStudioVersion = 10.0.40219.1
Project("{FAE04EC0-301F-11D3-BF4B-00C04F79EFBC}") = "PlayingCards", "PlayingCards\PlayingCards.csproj", "{FF08FDA5-3B65-42EC-A59E-A9E1B51E5B36}"
EndProject
Global
	GlobalSection(SolutionConfigurationPlatforms) = preSolution
		Debug|Any CPU = Debug|Any CPU
		Release|Any CPU = Release|Any CPU
	EndGlobalSection
	GlobalSection(ProjectConfigurationPlatforms) = postSolution
		{FF08FDA5-3B65-42EC-A59E-A9E1B51E5B36}.Debug|Any CPU.ActiveCfg = Debug|Any CPU
		{FF08FDA5-3B65-42EC-A59E-A9E1B51E5B36}.Debug|Any CPU.Build.0 = Debug|Any CPU
		{FF08FDA5-3B65-42EC-A59E-A9E1B51E5B36}.Release|Any CPU.ActiveCfg = Release|Any CPU
		{FF08FDA5-3B65-42EC-A59E-A9E1B51E5B36}.Release|Any CPU.Build.0 = Release|Any CPU
	EndGlobalSection
	GlobalSection(SolutionProperties) = preSolution
		HideSolutionNode = FALSE
	EndGlobalSection
	GlobalSection(ExtensibilityGlobals) = postSolution
		SolutionGuid = {0FB160D3-0EE7-46C6-A00F-D0EBD02DDFA1}
	EndGlobalSection
EndGlobal
